
Microsoft Visual Studio Solution File, Format Version 11.00
# Visual Studio 2010
Project("{FAE04EC0-301F-11D3-BF4B-00C04F79EFBC}") = "Aperture3D", "Aperture3D\Aperture3D.csproj", "{B3F5FA6D-8C8E-461A-A412-A9FBF058E08F}"
EndProject
Project("{FAE04EC0-301F-11D3-BF4B-00C04F79EFBC}") = "ModelConverter", "ModelConverter\ModelConverter.csproj", "{6676176A-55C8-4BA7-928D-54164FAFCB9D}"
EndProject
Project("{FAE04EC0-301F-11D3-BF4B-00C04F79EFBC}") = "Tests", "Tests\Tests.csproj", "{84E45DDE-12E8-4B28-9E44-02B1C4015F14}"
EndProject
Global
	GlobalSection(SolutionConfigurationPlatforms) = preSolution
		Debug|Any CPU = Debug|Any CPU
		Release|Any CPU = Release|Any CPU
	EndGlobalSection
	GlobalSection(ProjectConfigurationPlatforms) = postSolution
		{6676176A-55C8-4BA7-928D-54164FAFCB9D}.Debug|Any CPU.ActiveCfg = Debug|Any CPU
		{6676176A-55C8-4BA7-928D-54164FAFCB9D}.Debug|Any CPU.Build.0 = Debug|Any CPU
		{6676176A-55C8-4BA7-928D-54164FAFCB9D}.Release|Any CPU.ActiveCfg = Release|Any CPU
		{6676176A-55C8-4BA7-928D-54164FAFCB9D}.Release|Any CPU.Build.0 = Release|Any CPU
		{84E45DDE-12E8-4B28-9E44-02B1C4015F14}.Debug|Any CPU.ActiveCfg = Debug|Any CPU
		{84E45DDE-12E8-4B28-9E44-02B1C4015F14}.Debug|Any CPU.Build.0 = Debug|Any CPU
		{84E45DDE-12E8-4B28-9E44-02B1C4015F14}.Release|Any CPU.ActiveCfg = Release|Any CPU
		{84E45DDE-12E8-4B28-9E44-02B1C4015F14}.Release|Any CPU.Build.0 = Release|Any CPU
		{B3F5FA6D-8C8E-461A-A412-A9FBF058E08F}.Debug|Any CPU.ActiveCfg = Debug|Any CPU
		{B3F5FA6D-8C8E-461A-A412-A9FBF058E08F}.Debug|Any CPU.Build.0 = Debug|Any CPU
		{B3F5FA6D-8C8E-461A-A412-A9FBF058E08F}.Release|Any CPU.ActiveCfg = Release|Any CPU
		{B3F5FA6D-8C8E-461A-A412-A9FBF058E08F}.Release|Any CPU.Build.0 = Release|Any CPU
	EndGlobalSection
	GlobalSection(MonoDevelopProperties) = preSolution
		StartupItem = Tests\Tests.csproj
	EndGlobalSection
EndGlobal
