
Microsoft Visual Studio Solution File, Format Version 11.00
# Visual Studio 2010
Project("{FAE04EC0-301F-11D3-BF4B-00C04F79EFBC}") = "Aperture3D", "Aperture3D\Aperture3D.csproj", "{B3F5FA6D-8C8E-461A-A412-A9FBF058E08F}"
EndProject
Project("{FAE04EC0-301F-11D3-BF4B-00C04F79EFBC}") = "ModelConverter", "ModelConverter\ModelConverter.csproj", "{6676176A-55C8-4BA7-928D-54164FAFCB9D}"
EndProject
Project("{FAE04EC0-301F-11D3-BF4B-00C04F79EFBC}") = "Shmup", "Shmup\Shmup.csproj", "{30774635-0D41-4451-A327-B1B9AF94148B}"
EndProject
Global
	GlobalSection(SolutionConfigurationPlatforms) = preSolution
		Debug|Any CPU = Debug|Any CPU
		Release|Any CPU = Release|Any CPU
	EndGlobalSection
	GlobalSection(ProjectConfigurationPlatforms) = postSolution
		{30774635-0D41-4451-A327-B1B9AF94148B}.Debug|Any CPU.ActiveCfg = Debug|Any CPU
		{30774635-0D41-4451-A327-B1B9AF94148B}.Debug|Any CPU.Build.0 = Debug|Any CPU
		{30774635-0D41-4451-A327-B1B9AF94148B}.Release|Any CPU.ActiveCfg = Release|Any CPU
		{30774635-0D41-4451-A327-B1B9AF94148B}.Release|Any CPU.Build.0 = Release|Any CPU
		{6676176A-55C8-4BA7-928D-54164FAFCB9D}.Debug|Any CPU.ActiveCfg = Debug|Any CPU
		{6676176A-55C8-4BA7-928D-54164FAFCB9D}.Debug|Any CPU.Build.0 = Debug|Any CPU
		{6676176A-55C8-4BA7-928D-54164FAFCB9D}.Release|Any CPU.ActiveCfg = Release|Any CPU
		{6676176A-55C8-4BA7-928D-54164FAFCB9D}.Release|Any CPU.Build.0 = Release|Any CPU
		{B3F5FA6D-8C8E-461A-A412-A9FBF058E08F}.Debug|Any CPU.ActiveCfg = Debug|Any CPU
		{B3F5FA6D-8C8E-461A-A412-A9FBF058E08F}.Debug|Any CPU.Build.0 = Debug|Any CPU
		{B3F5FA6D-8C8E-461A-A412-A9FBF058E08F}.Release|Any CPU.ActiveCfg = Release|Any CPU
		{B3F5FA6D-8C8E-461A-A412-A9FBF058E08F}.Release|Any CPU.Build.0 = Release|Any CPU
	EndGlobalSection
	GlobalSection(MonoDevelopProperties) = preSolution
		StartupItem = Shmup\Shmup.csproj
	EndGlobalSection
EndGlobal
